PODS:
  - HorizonFintexSDK (1.0.0)

DEPENDENCIES:
  - HorizonFintexSDK

SPEC REPOS:
  https://github.com/CocoaPods/Specs.git:
    - HorizonFintexSDK

SPEC CHECKSUMS:
  HorizonFintexSDK: e46518958c83fb286882f2e258845faf3cb0f258

PODFILE CHECKSUM: 73f981f6edc4e40f8994b036861b305e5e89cffb

COCOAPODS: 1.10.1
