PODS:
  - HorizonFintexSDK (1.0.0)

DEPENDENCIES:
  - HorizonFintexSDK

SPEC REPOS:
  https://github.com/CocoaPods/Specs.git:
    - HorizonFintexSDK

SPEC CHECKSUMS:
  HorizonFintexSDK: e46518958c83fb286882f2e258845faf3cb0f258

PODFILE CHECKSUM: 21bd9a6804625511739fce006ab5d4c176a78bbd

COCOAPODS: 1.10.1
